
Microsoft Visual Studio Solution File, Format Version 12.00
# Visual Studio Version 17
VisualStudioVersion = 17.9.34902.65
MinimumVisualStudioVersion = 10.0.40219.1
Project("{9A19103F-16F7-4668-BE54-9A1E7A4F7556}") = "Exercises", "Exercises\Exercises.csproj", "{7EA27CC3-31DF-435B-8692-91586ED0CADA}"
EndProject
Global
	GlobalSection(SolutionConfigurationPlatforms) = preSolution
		Debug|Any CPU = Debug|Any CPU
		Release|Any CPU = Release|Any CPU
	EndGlobalSection
	GlobalSection(ProjectConfigurationPlatforms) = postSolution
		{7EA27CC3-31DF-435B-8692-91586ED0CADA}.Debug|Any CPU.ActiveCfg = Debug|Any CPU
		{7EA27CC3-31DF-435B-8692-91586ED0CADA}.Debug|Any CPU.Build.0 = Debug|Any CPU
		{7EA27CC3-31DF-435B-8692-91586ED0CADA}.Release|Any CPU.ActiveCfg = Release|Any CPU
		{7EA27CC3-31DF-435B-8692-91586ED0CADA}.Release|Any CPU.Build.0 = Release|Any CPU
	EndGlobalSection
	GlobalSection(SolutionProperties) = preSolution
		HideSolutionNode = FALSE
	EndGlobalSection
	GlobalSection(ExtensibilityGlobals) = postSolution
		SolutionGuid = {01FFEF98-C387-426C-9D31-9838E97568E2}
	EndGlobalSection
EndGlobal
